# This file is automatically @generated by Poetry 2.4.1 and should not be changed by hand.

[[package]]
name = "tomlkit"
version = "0.15.1"
description = "Style preserving TOML library"
optional = false
python-versions = ">=3.9"
groups = ["main"]
files = [
    {file = "tomlkit-0.15.1-py3-none-any.whl", hash = "sha256:177a05aece5a8ca5266fd3c448abb47b8d352f09d477d3ca8332db4d89b24304"},
    {file = "tomlkit-0.15.1.tar.gz", hash = "sha256:e25bbf38843005246210a12982776f27f99cb9be67160e14434d0c0d21ee1e97"},
]

[metadata]
lock-version = "2.1"
python-versions = ">=3.11"
content-hash = "5fea204d729877dac3dfefb45042c417697f5428af5627ae3976ae8c39598da4"
